
Microsoft Visual Studio Solution File, Format Version 12.00
# Visual Studio Version 17
VisualStudioVersion = 17.10.35013.160
MinimumVisualStudioVersion = 10.0.40219.1
Project("{FAE04EC0-301F-11D3-BF4B-00C04F79EFBC}") = "TestsUnitairesCSharp092024", "TestsUnitairesCSharp092024\TestsUnitairesCSharp092024.csproj", "{047F53DA-ADB6-4B24-82D5-8088BAF80881}"
EndProject
Project("{FAE04EC0-301F-11D3-BF4B-00C04F79EFBC}") = "TestsUnitairesCSharp072024.UnitTests", "TestsUnitairesCSharp072024.UnitTests\TestsUnitairesCSharp072024.UnitTests.csproj", "{FA943FF2-691F-4242-821F-7286AB15D0A1}"
EndProject
Global
	GlobalSection(SolutionConfigurationPlatforms) = preSolution
		Debug|Any CPU = Debug|Any CPU
		Release|Any CPU = Release|Any CPU
	EndGlobalSection
	GlobalSection(ProjectConfigurationPlatforms) = postSolution
		{047F53DA-ADB6-4B24-82D5-8088BAF80881}.Debug|Any CPU.ActiveCfg = Debug|Any CPU
		{047F53DA-ADB6-4B24-82D5-8088BAF80881}.Debug|Any CPU.Build.0 = Debug|Any CPU
		{047F53DA-ADB6-4B24-82D5-8088BAF80881}.Release|Any CPU.ActiveCfg = Release|Any CPU
		{047F53DA-ADB6-4B24-82D5-8088BAF80881}.Release|Any CPU.Build.0 = Release|Any CPU
		{FA943FF2-691F-4242-821F-7286AB15D0A1}.Debug|Any CPU.ActiveCfg = Debug|Any CPU
		{FA943FF2-691F-4242-821F-7286AB15D0A1}.Debug|Any CPU.Build.0 = Debug|Any CPU
		{FA943FF2-691F-4242-821F-7286AB15D0A1}.Release|Any CPU.ActiveCfg = Release|Any CPU
		{FA943FF2-691F-4242-821F-7286AB15D0A1}.Release|Any CPU.Build.0 = Release|Any CPU
	EndGlobalSection
	GlobalSection(SolutionProperties) = preSolution
		HideSolutionNode = FALSE
	EndGlobalSection
	GlobalSection(ExtensibilityGlobals) = postSolution
		SolutionGuid = {261F2C72-BB8B-4445-8039-E249FBEA73F4}
	EndGlobalSection
EndGlobal
